
Microsoft Visual Studio Solution File, Format Version 12.00
# Visual Studio Version 17
VisualStudioVersion = 17.0.32112.339
MinimumVisualStudioVersion = 10.0.40219.1
Project("{8BC9CEB8-8B4A-11D0-8D11-00A0C91BC942}") = "Task01 Project", "Task01 Project\Task01 Project.vcxproj", "{8CDF6A4E-6CF0-4172-81A0-3CA8BDD99D88}"
EndProject
Project("{8BC9CEB8-8B4A-11D0-8D11-00A0C91BC942}") = "Task02 Project", "Task02 Project\Task02 Project.vcxproj", "{585FFFD9-E3D7-494E-9F07-5902586B11A1}"
EndProject
Global
	GlobalSection(SolutionConfigurationPlatforms) = preSolution
		Debug|x64 = Debug|x64
		Debug|x86 = Debug|x86
		Release|x64 = Release|x64
		Release|x86 = Release|x86
	EndGlobalSection
	GlobalSection(ProjectConfigurationPlatforms) = postSolution
		{8CDF6A4E-6CF0-4172-81A0-3CA8BDD99D88}.Debug|x64.ActiveCfg = Debug|x64
		{8CDF6A4E-6CF0-4172-81A0-3CA8BDD99D88}.Debug|x64.Build.0 = Debug|x64
		{8CDF6A4E-6CF0-4172-81A0-3CA8BDD99D88}.Debug|x86.ActiveCfg = Debug|Win32
		{8CDF6A4E-6CF0-4172-81A0-3CA8BDD99D88}.Debug|x86.Build.0 = Debug|Win32
		{8CDF6A4E-6CF0-4172-81A0-3CA8BDD99D88}.Release|x64.ActiveCfg = Release|x64
		{8CDF6A4E-6CF0-4172-81A0-3CA8BDD99D88}.Release|x64.Build.0 = Release|x64
		{8CDF6A4E-6CF0-4172-81A0-3CA8BDD99D88}.Release|x86.ActiveCfg = Release|Win32
		{8CDF6A4E-6CF0-4172-81A0-3CA8BDD99D88}.Release|x86.Build.0 = Release|Win32
		{585FFFD9-E3D7-494E-9F07-5902586B11A1}.Debug|x64.ActiveCfg = Debug|x64
		{585FFFD9-E3D7-494E-9F07-5902586B11A1}.Debug|x64.Build.0 = Debug|x64
		{585FFFD9-E3D7-494E-9F07-5902586B11A1}.Debug|x86.ActiveCfg = Debug|Win32
		{585FFFD9-E3D7-494E-9F07-5902586B11A1}.Debug|x86.Build.0 = Debug|Win32
		{585FFFD9-E3D7-494E-9F07-5902586B11A1}.Release|x64.ActiveCfg = Release|x64
		{585FFFD9-E3D7-494E-9F07-5902586B11A1}.Release|x64.Build.0 = Release|x64
		{585FFFD9-E3D7-494E-9F07-5902586B11A1}.Release|x86.ActiveCfg = Release|Win32
		{585FFFD9-E3D7-494E-9F07-5902586B11A1}.Release|x86.Build.0 = Release|Win32
	EndGlobalSection
	GlobalSection(SolutionProperties) = preSolution
		HideSolutionNode = FALSE
	EndGlobalSection
	GlobalSection(ExtensibilityGlobals) = postSolution
		SolutionGuid = {C94A1E05-7B0F-4AD2-999B-0EEF86A8452B}
	EndGlobalSection
EndGlobal
